// !$*UTF8*$!
{
	archiveVersion = 1;
	classes = {
	};
	objectVersion = 77;
	objects = {

/* Begin PBXBuildFile section */
		1BE254650AE5D539026E89F3 /* Pods_BillingApp.framework in Frameworks */ = {isa = PBXBuildFile; fileRef = 75996030D9C54D1CB9DCF2B0 /* Pods_BillingApp.framework */; };
		4D2F52C22E27A4DD005E79FE /* BillgenerateTVC.xib in Resources */ = {isa = PBXBuildFile; fileRef = 4D2F52C12E27A4DD005E79FE /* BillgenerateTVC.xib */; };
		4D2F52C32E27A4DD005E79FE /* BillgenerateTVC.swift in Sources */ = {isa = PBXBuildFile; fileRef = 4D2F52C02E27A4DD005E79FE /* BillgenerateTVC.swift */; };
		4D2F52C62E27A59B005E79FE /* Product.swift in Sources */ = {isa = PBXBuildFile; fileRef = 4D2F52C52E27A59B005E79FE /* Product.swift */; };
		4D2F52C82E27B6E7005E79FE /* CustomerInfoVC.swift in Sources */ = {isa = PBXBuildFile; fileRef = 4D2F52C72E27B6E7005E79FE /* CustomerInfoVC.swift */; };
		4D3F20F82E27C0A100561D89 /* PDFGenerator.swift in Sources */ = {isa = PBXBuildFile; fileRef = 4D3F20F72E27C0A100561D89 /* PDFGenerator.swift */; };
		4D4590E12E29318800C95296 /* BarcodeGenerator.swift in Sources */ = {isa = PBXBuildFile; fileRef = 4D4590E02E29318800C95296 /* BarcodeGenerator.swift */; };
		4D6B7F932E2A0FFB0026C1FE /* ProductService.swift in Sources */ = {isa = PBXBuildFile; fileRef = 4D6B7F922E2A0FFB0026C1FE /* ProductService.swift */; };
		4D6B7F952E2A237C0026C1FE /* ManageDetailsVC.swift in Sources */ = {isa = PBXBuildFile; fileRef = 4D6B7F942E2A237C0026C1FE /* ManageDetailsVC.swift */; };
		4D6B7F982E2A253E0026C1FE /* ManageDetailsTVC.xib in Resources */ = {isa = PBXBuildFile; fileRef = 4D6B7F972E2A253E0026C1FE /* ManageDetailsTVC.xib */; };
		4D6B7F992E2A253E0026C1FE /* ManageDetailsTVC.swift in Sources */ = {isa = PBXBuildFile; fileRef = 4D6B7F962E2A253E0026C1FE /* ManageDetailsTVC.swift */; };
		4D6D50752E2778D500A99F88 /* AppDelegate.swift in Sources */ = {isa = PBXBuildFile; fileRef = 4D6D506A2E2778D500A99F88 /* AppDelegate.swift */; };
		4D6D50762E2778D500A99F88 /* SceneDelegate.swift in Sources */ = {isa = PBXBuildFile; fileRef = 4D6D50722E2778D500A99F88 /* SceneDelegate.swift */; };
		4D6D50772E2778D500A99F88 /* ViewController.swift in Sources */ = {isa = PBXBuildFile; fileRef = 4D6D50732E2778D500A99F88 /* ViewController.swift */; };
		4D6D50782E2778D500A99F88 /* Assets.xcassets in Resources */ = {isa = PBXBuildFile; fileRef = 4D6D506B2E2778D500A99F88 /* Assets.xcassets */; };
		4D6D50792E2778D500A99F88 /* GoogleService-Info.plist in Resources */ = {isa = PBXBuildFile; fileRef = 4D6D506C2E2778D500A99F88 /* GoogleService-Info.plist */; };
		4D6D507B2E2778D500A99F88 /* LaunchScreen.storyboard in Resources */ = {isa = PBXBuildFile; fileRef = 4D6D506F2E2778D500A99F88 /* LaunchScreen.storyboard */; };
		4D6D507C2E2778D500A99F88 /* Main.storyboard in Resources */ = {isa = PBXBuildFile; fileRef = 4D6D50712E2778D500A99F88 /* Main.storyboard */; };
		4D6D508A2E27799F00A99F88 /* RegistrationVC.swift in Sources */ = {isa = PBXBuildFile; fileRef = 4D6D50862E27799F00A99F88 /* RegistrationVC.swift */; };
		4D6D508B2E27799F00A99F88 /* ForgotPasswordVC.swift in Sources */ = {isa = PBXBuildFile; fileRef = 4D6D50872E27799F00A99F88 /* ForgotPasswordVC.swift */; };
		4D6D508C2E27799F00A99F88 /* LoginVC.swift in Sources */ = {isa = PBXBuildFile; fileRef = 4D6D50852E27799F00A99F88 /* LoginVC.swift */; };
		4D6D508F2E2779BD00A99F88 /* GeneralUtility.swift in Sources */ = {isa = PBXBuildFile; fileRef = 4D6D508E2E2779BD00A99F88 /* GeneralUtility.swift */; };
		4D6D50902E2779BD00A99F88 /* KeyboardHandler.swift in Sources */ = {isa = PBXBuildFile; fileRef = 4D6D508D2E2779BD00A99F88 /* KeyboardHandler.swift */; };
		4D6D509A2E27822D00A99F88 /* ProfileVC.swift in Sources */ = {isa = PBXBuildFile; fileRef = 4D6D50942E27822D00A99F88 /* ProfileVC.swift */; };
		4D6D509B2E27822D00A99F88 /* ChangePasswordVC.swift in Sources */ = {isa = PBXBuildFile; fileRef = 4D6D50952E27822D00A99F88 /* ChangePasswordVC.swift */; };
		4D6D509C2E27822D00A99F88 /* AccountVC.swift in Sources */ = {isa = PBXBuildFile; fileRef = 4D6D50972E27822D00A99F88 /* AccountVC.swift */; };
		4D6D509D2E27822D00A99F88 /* ProfileTVC.swift in Sources */ = {isa = PBXBuildFile; fileRef = 4D6D50912E27822D00A99F88 /* ProfileTVC.swift */; };
		4D6D509E2E27822D00A99F88 /* ContactUsVC.swift in Sources */ = {isa = PBXBuildFile; fileRef = 4D6D50962E27822D00A99F88 /* ContactUsVC.swift */; };
		4D6D509F2E27822D00A99F88 /* ProfileTVC.xib in Resources */ = {isa = PBXBuildFile; fileRef = 4D6D50922E27822D00A99F88 /* ProfileTVC.xib */; };
		4D6D50A32E2783E100A99F88 /* AddProductVC.swift in Sources */ = {isa = PBXBuildFile; fileRef = 4D6D50A22E2783E100A99F88 /* AddProductVC.swift */; };
		4D6D50A52E27840200A99F88 /* BillGenerateVC.swift in Sources */ = {isa = PBXBuildFile; fileRef = 4D6D50A42E27840200A99F88 /* BillGenerateVC.swift */; };
		4D88E8DF2E29179500C66792 /* InvoiceListVC.swift in Sources */ = {isa = PBXBuildFile; fileRef = 4D88E8DE2E29179500C66792 /* InvoiceListVC.swift */; };
		4D88E8E22E2918E100C66792 /* InvoiceModel.swift in Sources */ = {isa = PBXBuildFile; fileRef = 4D88E8E12E2918E100C66792 /* InvoiceModel.swift */; };
		4D88E8E52E29197C00C66792 /* InvoiceListTVC.swift in Sources */ = {isa = PBXBuildFile; fileRef = 4D88E8E32E29197C00C66792 /* InvoiceListTVC.swift */; };
		4D88E8E62E29197C00C66792 /* InvoiceListTVC.xib in Resources */ = {isa = PBXBuildFile; fileRef = 4D88E8E42E29197C00C66792 /* InvoiceListTVC.xib */; };
		4D88E8EE2E2925AD00C66792 /* ManageStockVC.swift in Sources */ = {isa = PBXBuildFile; fileRef = 4D88E8ED2E2925AD00C66792 /* ManageStockVC.swift */; };
		4D88E8F32E2925D600C66792 /* ManageStockTVC.swift in Sources */ = {isa = PBXBuildFile; fileRef = 4D88E8F12E2925D600C66792 /* ManageStockTVC.swift */; };
		4D88E8F42E2925D600C66792 /* ManageStockTVC.xib in Resources */ = {isa = PBXBuildFile; fileRef = 4D88E8F22E2925D600C66792 /* ManageStockTVC.xib */; };
		4D88E8F72E29281200C66792 /* ProductModel.swift in Sources */ = {isa = PBXBuildFile; fileRef = 4D88E8F62E29281200C66792 /* ProductModel.swift */; };
		4D9C0E992E27D3680000A437 /* BarcodeScannerVC.swift in Sources */ = {isa = PBXBuildFile; fileRef = 4D9C0E982E27D3680000A437 /* BarcodeScannerVC.swift */; };
/* End PBXBuildFile section */

/* Begin PBXFileReference section */
		4D2F52C02E27A4DD005E79FE /* BillgenerateTVC.swift */ = {isa = PBXFileReference; lastKnownFileType = sourcecode.swift; path = BillgenerateTVC.swift; sourceTree = "<group>"; };
		4D2F52C12E27A4DD005E79FE /* BillgenerateTVC.xib */ = {isa = PBXFileReference; lastKnownFileType = file.xib; path = BillgenerateTVC.xib; sourceTree = "<group>"; };
		4D2F52C52E27A59B005E79FE /* Product.swift */ = {isa = PBXFileReference; lastKnownFileType = sourcecode.swift; path = Product.swift; sourceTree = "<group>"; };
		4D2F52C72E27B6E7005E79FE /* CustomerInfoVC.swift */ = {isa = PBXFileReference; lastKnownFileType = sourcecode.swift; path = CustomerInfoVC.swift; sourceTree = "<group>"; };
		4D3F20F72E27C0A100561D89 /* PDFGenerator.swift */ = {isa = PBXFileReference; lastKnownFileType = sourcecode.swift; path = PDFGenerator.swift; sourceTree = "<group>"; };
		4D4590E02E29318800C95296 /* BarcodeGenerator.swift */ = {isa = PBXFileReference; lastKnownFileType = sourcecode.swift; path = BarcodeGenerator.swift; sourceTree = "<group>"; };
		4D6B7F922E2A0FFB0026C1FE /* ProductService.swift */ = {isa = PBXFileReference; lastKnownFileType = sourcecode.swift; path = ProductService.swift; sourceTree = "<group>"; };
		4D6B7F942E2A237C0026C1FE /* ManageDetailsVC.swift */ = {isa = PBXFileReference; lastKnownFileType = sourcecode.swift; path = ManageDetailsVC.swift; sourceTree = "<group>"; };
		4D6B7F962E2A253E0026C1FE /* ManageDetailsTVC.swift */ = {isa = PBXFileReference; lastKnownFileType = sourcecode.swift; path = ManageDetailsTVC.swift; sourceTree = "<group>"; };
		4D6B7F972E2A253E0026C1FE /* ManageDetailsTVC.xib */ = {isa = PBXFileReference; lastKnownFileType = file.xib; path = ManageDetailsTVC.xib; sourceTree = "<group>"; };
		4D6D503E2E27776500A99F88 /* BillingApp.app */ = {isa = PBXFileReference; explicitFileType = wrapper.application; includeInIndex = 0; path = BillingApp.app; sourceTree = BUILT_PRODUCTS_DIR; };
		4D6D506A2E2778D500A99F88 /* AppDelegate.swift */ = {isa = PBXFileReference; lastKnownFileType = sourcecode.swift; path = AppDelegate.swift; sourceTree = "<group>"; };
		4D6D506B2E2778D500A99F88 /* Assets.xcassets */ = {isa = PBXFileReference; lastKnownFileType = folder.assetcatalog; path = Assets.xcassets; sourceTree = "<group>"; };
		4D6D506C2E2778D500A99F88 /* GoogleService-Info.plist */ = {isa = PBXFileReference; lastKnownFileType = text.plist.xml; path = "GoogleService-Info.plist"; sourceTree = "<group>"; };
		4D6D506D2E2778D500A99F88 /* Info.plist */ = {isa = PBXFileReference; lastKnownFileType = text.plist.xml; path = Info.plist; sourceTree = "<group>"; };
		4D6D506E2E2778D500A99F88 /* Base */ = {isa = PBXFileReference; lastKnownFileType = file.storyboard; name = Base; path = Base.lproj/LaunchScreen.storyboard; sourceTree = "<group>"; };
		4D6D50702E2778D500A99F88 /* Base */ = {isa = PBXFileReference; lastKnownFileType = file.storyboard; name = Base; path = Base.lproj/Main.storyboard; sourceTree = "<group>"; };
		4D6D50722E2778D500A99F88 /* SceneDelegate.swift */ = {isa = PBXFileReference; lastKnownFileType = sourcecode.swift; path = SceneDelegate.swift; sourceTree = "<group>"; };
		4D6D50732E2778D500A99F88 /* ViewController.swift */ = {isa = PBXFileReference; lastKnownFileType = sourcecode.swift; path = ViewController.swift; sourceTree = "<group>"; };
		4D6D50852E27799F00A99F88 /* LoginVC.swift */ = {isa = PBXFileReference; lastKnownFileType = sourcecode.swift; path = LoginVC.swift; sourceTree = "<group>"; };
		4D6D50862E27799F00A99F88 /* RegistrationVC.swift */ = {isa = PBXFileReference; lastKnownFileType = sourcecode.swift; path = RegistrationVC.swift; sourceTree = "<group>"; };
		4D6D50872E27799F00A99F88 /* ForgotPasswordVC.swift */ = {isa = PBXFileReference; lastKnownFileType = sourcecode.swift; path = ForgotPasswordVC.swift; sourceTree = "<group>"; };
		4D6D508D2E2779BD00A99F88 /* KeyboardHandler.swift */ = {isa = PBXFileReference; lastKnownFileType = sourcecode.swift; path = KeyboardHandler.swift; sourceTree = "<group>"; };
		4D6D508E2E2779BD00A99F88 /* GeneralUtility.swift */ = {isa = PBXFileReference; lastKnownFileType = sourcecode.swift; path = GeneralUtility.swift; sourceTree = "<group>"; };
		4D6D50912E27822D00A99F88 /* ProfileTVC.swift */ = {isa = PBXFileReference; lastKnownFileType = sourcecode.swift; path = ProfileTVC.swift; sourceTree = "<group>"; };
		4D6D50922E27822D00A99F88 /* ProfileTVC.xib */ = {isa = PBXFileReference; lastKnownFileType = file.xib; path = ProfileTVC.xib; sourceTree = "<group>"; };
		4D6D50942E27822D00A99F88 /* ProfileVC.swift */ = {isa = PBXFileReference; lastKnownFileType = sourcecode.swift; path = ProfileVC.swift; sourceTree = "<group>"; };
		4D6D50952E27822D00A99F88 /* ChangePasswordVC.swift */ = {isa = PBXFileReference; lastKnownFileType = sourcecode.swift; path = ChangePasswordVC.swift; sourceTree = "<group>"; };
		4D6D50962E27822D00A99F88 /* ContactUsVC.swift */ = {isa = PBXFileReference; lastKnownFileType = sourcecode.swift; path = ContactUsVC.swift; sourceTree = "<group>"; };
		4D6D50972E27822D00A99F88 /* AccountVC.swift */ = {isa = PBXFileReference; lastKnownFileType = sourcecode.swift; path = AccountVC.swift; sourceTree = "<group>"; };
		4D6D50A22E2783E100A99F88 /* AddProductVC.swift */ = {isa = PBXFileReference; lastKnownFileType = sourcecode.swift; path = AddProductVC.swift; sourceTree = "<group>"; };
		4D6D50A42E27840200A99F88 /* BillGenerateVC.swift */ = {isa = PBXFileReference; lastKnownFileType = sourcecode.swift; path = BillGenerateVC.swift; sourceTree = "<group>"; };
		4D88E8DE2E29179500C66792 /* InvoiceListVC.swift */ = {isa = PBXFileReference; lastKnownFileType = sourcecode.swift; path = InvoiceListVC.swift; sourceTree = "<group>"; };
		4D88E8E12E2918E100C66792 /* InvoiceModel.swift */ = {isa = PBXFileReference; lastKnownFileType = sourcecode.swift; path = InvoiceModel.swift; sourceTree = "<group>"; };
		4D88E8E32E29197C00C66792 /* InvoiceListTVC.swift */ = {isa = PBXFileReference; lastKnownFileType = sourcecode.swift; path = InvoiceListTVC.swift; sourceTree = "<group>"; };
		4D88E8E42E29197C00C66792 /* InvoiceListTVC.xib */ = {isa = PBXFileReference; lastKnownFileType = file.xib; path = InvoiceListTVC.xib; sourceTree = "<group>"; };
		4D88E8ED2E2925AD00C66792 /* ManageStockVC.swift */ = {isa = PBXFileReference; lastKnownFileType = sourcecode.swift; path = ManageStockVC.swift; sourceTree = "<group>"; };
		4D88E8F12E2925D600C66792 /* ManageStockTVC.swift */ = {isa = PBXFileReference; lastKnownFileType = sourcecode.swift; path = ManageStockTVC.swift; sourceTree = "<group>"; };
		4D88E8F22E2925D600C66792 /* ManageStockTVC.xib */ = {isa = PBXFileReference; lastKnownFileType = file.xib; path = ManageStockTVC.xib; sourceTree = "<group>"; };
		4D88E8F62E29281200C66792 /* ProductModel.swift */ = {isa = PBXFileReference; lastKnownFileType = sourcecode.swift; path = ProductModel.swift; sourceTree = "<group>"; };
		4D9C0E982E27D3680000A437 /* BarcodeScannerVC.swift */ = {isa = PBXFileReference; lastKnownFileType = sourcecode.swift; path = BarcodeScannerVC.swift; sourceTree = "<group>"; };
		65D6D732FA379364E1D30DB7 /* Pods-BillingApp.release.xcconfig */ = {isa = PBXFileReference; includeInIndex = 1; lastKnownFileType = text.xcconfig; name = "Pods-BillingApp.release.xcconfig"; path = "Target Support Files/Pods-BillingApp/Pods-BillingApp.release.xcconfig"; sourceTree = "<group>"; };
		75996030D9C54D1CB9DCF2B0 /* Pods_BillingApp.framework */ = {isa = PBXFileReference; explicitFileType = wrapper.framework; includeInIndex = 0; path = Pods_BillingApp.framework; sourceTree = BUILT_PRODUCTS_DIR; };
		E2BD77D9EB69707E4E1955E4 /* Pods-BillingApp.debug.xcconfig */ = {isa = PBXFileReference; includeInIndex = 1; lastKnownFileType = text.xcconfig; name = "Pods-BillingApp.debug.xcconfig"; path = "Target Support Files/Pods-BillingApp/Pods-BillingApp.debug.xcconfig"; sourceTree = "<group>"; };
/* End PBXFileReference section */

/* Begin PBXFrameworksBuildPhase section */
		4D6D503B2E27776500A99F88 /* Frameworks */ = {
			isa = PBXFrameworksBuildPhase;
			buildActionMask = 2147483647;
			files = (
				1BE254650AE5D539026E89F3 /* Pods_BillingApp.framework in Frameworks */,
			);
			runOnlyForDeploymentPostprocessing = 0;
		};
/* End PBXFrameworksBuildPhase section */

/* Begin PBXGroup section */
		4D2F52BC2E27A49F005E79FE /* Controller */ = {
			isa = PBXGroup;
			children = (
				4D9C0E982E27D3680000A437 /* BarcodeScannerVC.swift */,
				4D6D50A42E27840200A99F88 /* BillGenerateVC.swift */,
				4D2F52C72E27B6E7005E79FE /* CustomerInfoVC.swift */,
			);
			path = Controller;
			sourceTree = "<group>";
		};
		4D2F52BD2E27A4A8005E79FE /* View */ = {
			isa = PBXGroup;
			children = (
				4D2F52C02E27A4DD005E79FE /* BillgenerateTVC.swift */,
				4D2F52C12E27A4DD005E79FE /* BillgenerateTVC.xib */,
			);
			path = View;
			sourceTree = "<group>";
		};
		4D2F52BF2E27A4AE005E79FE /* Controller */ = {
			isa = PBXGroup;
			children = (
				4D6D50A22E2783E100A99F88 /* AddProductVC.swift */,
			);
			path = Controller;
			sourceTree = "<group>";
		};
		4D2F52C42E27A595005E79FE /* Model */ = {
			isa = PBXGroup;
			children = (
				4D2F52C52E27A59B005E79FE /* Product.swift */,
			);
			path = Model;
			sourceTree = "<group>";
		};
		4D6D50352E27776500A99F88 = {
			isa = PBXGroup;
			children = (
				4D6D50742E2778D500A99F88 /* BillingApp */,
				4D6D503F2E27776500A99F88 /* Products */,
				77B569B894A3E57BF2AB22EE /* Pods */,
				AA2DD45BCF02B28D9C92602D /* Frameworks */,
			);
			sourceTree = "<group>";
		};
		4D6D503F2E27776500A99F88 /* Products */ = {
			isa = PBXGroup;
			children = (
				4D6D503E2E27776500A99F88 /* BillingApp.app */,
			);
			name = Products;
			sourceTree = "<group>";
		};
		4D6D50742E2778D500A99F88 /* BillingApp */ = {
			isa = PBXGroup;
			children = (
				4D6D50802E27793100A99F88 /* Delegate */,
				4D6D507F2E27791D00A99F88 /* Helper */,
				4D6D507E2E27791600A99F88 /* Module */,
				4D6D507D2E27790E00A99F88 /* StoryBoard */,
				4D6D506B2E2778D500A99F88 /* Assets.xcassets */,
				4D6D506C2E2778D500A99F88 /* GoogleService-Info.plist */,
				4D6D506D2E2778D500A99F88 /* Info.plist */,
			);
			path = BillingApp;
			sourceTree = "<group>";
		};
		4D6D507D2E27790E00A99F88 /* StoryBoard */ = {
			isa = PBXGroup;
			children = (
				4D6D506F2E2778D500A99F88 /* LaunchScreen.storyboard */,
				4D6D50712E2778D500A99F88 /* Main.storyboard */,
			);
			path = StoryBoard;
			sourceTree = "<group>";
		};
		4D6D507E2E27791600A99F88 /* Module */ = {
			isa = PBXGroup;
			children = (
				4D6D50892E27799F00A99F88 /* Authentication */,
				4D88E8D32E2914B700C66792 /* DashBoard */,
				4D6D50A12E2783C300A99F88 /* BillGenerate */,
				4D6D50A02E2783BB00A99F88 /* Product */,
				4D88E8DA2E29175700C66792 /* InvoiceBill */,
				4D88E8E72E29224500C66792 /* ManageStock */,
				4D88E8EC2E29225B00C66792 /* View Reports */,
				4D6D50992E27822D00A99F88 /* Profile */,
			);
			path = Module;
			sourceTree = "<group>";
		};
		4D6D507F2E27791D00A99F88 /* Helper */ = {
			isa = PBXGroup;
			children = (
				4D4590E02E29318800C95296 /* BarcodeGenerator.swift */,
				4D3F20F72E27C0A100561D89 /* PDFGenerator.swift */,
				4D6D508D2E2779BD00A99F88 /* KeyboardHandler.swift */,
				4D6B7F922E2A0FFB0026C1FE /* ProductService.swift */,
				4D6D508E2E2779BD00A99F88 /* GeneralUtility.swift */,
			);
			path = Helper;
			sourceTree = "<group>";
		};
		4D6D50802E27793100A99F88 /* Delegate */ = {
			isa = PBXGroup;
			children = (
				4D6D506A2E2778D500A99F88 /* AppDelegate.swift */,
				4D6D50722E2778D500A99F88 /* SceneDelegate.swift */,
			);
			path = Delegate;
			sourceTree = "<group>";
		};
		4D6D50882E27799F00A99F88 /* ViewController */ = {
			isa = PBXGroup;
			children = (
				4D6D50852E27799F00A99F88 /* LoginVC.swift */,
				4D6D50862E27799F00A99F88 /* RegistrationVC.swift */,
				4D6D50872E27799F00A99F88 /* ForgotPasswordVC.swift */,
			);
			path = ViewController;
			sourceTree = "<group>";
		};
		4D6D50892E27799F00A99F88 /* Authentication */ = {
			isa = PBXGroup;
			children = (
				4D6D50882E27799F00A99F88 /* ViewController */,
			);
			path = Authentication;
			sourceTree = "<group>";
		};
		4D6D50932E27822D00A99F88 /* View */ = {
			isa = PBXGroup;
			children = (
				4D6D50912E27822D00A99F88 /* ProfileTVC.swift */,
				4D6D50922E27822D00A99F88 /* ProfileTVC.xib */,
			);
			path = View;
			sourceTree = "<group>";
		};
		4D6D50982E27822D00A99F88 /* Controller */ = {
			isa = PBXGroup;
			children = (
				4D6D50942E27822D00A99F88 /* ProfileVC.swift */,
				4D6D50952E27822D00A99F88 /* ChangePasswordVC.swift */,
				4D6D50962E27822D00A99F88 /* ContactUsVC.swift */,
				4D6D50972E27822D00A99F88 /* AccountVC.swift */,
			);
			path = Controller;
			sourceTree = "<group>";
		};
		4D6D50992E27822D00A99F88 /* Profile */ = {
			isa = PBXGroup;
			children = (
				4D6D50932E27822D00A99F88 /* View */,
				4D6D50982E27822D00A99F88 /* Controller */,
			);
			path = Profile;
			sourceTree = "<group>";
		};
		4D6D50A02E2783BB00A99F88 /* Product */ = {
			isa = PBXGroup;
			children = (
				4D2F52BF2E27A4AE005E79FE /* Controller */,
			);
			path = Product;
			sourceTree = "<group>";
		};
		4D6D50A12E2783C300A99F88 /* BillGenerate */ = {
			isa = PBXGroup;
			children = (
				4D2F52C42E27A595005E79FE /* Model */,
				4D2F52BD2E27A4A8005E79FE /* View */,
				4D2F52BC2E27A49F005E79FE /* Controller */,
			);
			path = BillGenerate;
			sourceTree = "<group>";
		};
		4D88E8D32E2914B700C66792 /* DashBoard */ = {
			isa = PBXGroup;
			children = (
				4D88E8D42E2914C300C66792 /* Controller */,
			);
			path = DashBoard;
			sourceTree = "<group>";
		};
		4D88E8D42E2914C300C66792 /* Controller */ = {
			isa = PBXGroup;
			children = (
				4D6D50732E2778D500A99F88 /* ViewController.swift */,
			);
			path = Controller;
			sourceTree = "<group>";
		};
		4D88E8DA2E29175700C66792 /* InvoiceBill */ = {
			isa = PBXGroup;
			children = (
				4D88E8E02E2918D000C66792 /* Model */,
				4D88E8DB2E29176300C66792 /* View */,
				4D88E8DC2E29176900C66792 /* Controller */,
			);
			path = InvoiceBill;
			sourceTree = "<group>";
		};
		4D88E8DB2E29176300C66792 /* View */ = {
			isa = PBXGroup;
			children = (
				4D88E8E32E29197C00C66792 /* InvoiceListTVC.swift */,
				4D88E8E42E29197C00C66792 /* InvoiceListTVC.xib */,
			);
			path = View;
			sourceTree = "<group>";
		};
		4D88E8DC2E29176900C66792 /* Controller */ = {
			isa = PBXGroup;
			children = (
				4D88E8DE2E29179500C66792 /* InvoiceListVC.swift */,
			);
			path = Controller;
			sourceTree = "<group>";
		};
		4D88E8E02E2918D000C66792 /* Model */ = {
			isa = PBXGroup;
			children = (
				4D88E8E12E2918E100C66792 /* InvoiceModel.swift */,
			);
			path = Model;
			sourceTree = "<group>";
		};
		4D88E8E72E29224500C66792 /* ManageStock */ = {
			isa = PBXGroup;
			children = (
				4D88E8F52E29280E00C66792 /* Model */,
				4D88E8E92E29225700C66792 /* View */,
				4D88E8E82E29225000C66792 /* Controller */,
			);
			path = ManageStock;
			sourceTree = "<group>";
		};
		4D88E8E82E29225000C66792 /* Controller */ = {
			isa = PBXGroup;
			children = (
				4D88E8ED2E2925AD00C66792 /* ManageStockVC.swift */,
				4D6B7F942E2A237C0026C1FE /* ManageDetailsVC.swift */,
			);
			path = Controller;
			sourceTree = "<group>";
		};
		4D88E8E92E29225700C66792 /* View */ = {
			isa = PBXGroup;
			children = (
				4D88E8F12E2925D600C66792 /* ManageStockTVC.swift */,
				4D88E8F22E2925D600C66792 /* ManageStockTVC.xib */,
				4D6B7F962E2A253E0026C1FE /* ManageDetailsTVC.swift */,
				4D6B7F972E2A253E0026C1FE /* ManageDetailsTVC.xib */,
			);
			path = View;
			sourceTree = "<group>";
		};
		4D88E8EA2E29225B00C66792 /* Controller */ = {
			isa = PBXGroup;
			children = (
			);
			path = Controller;
			sourceTree = "<group>";
		};
		4D88E8EB2E29225B00C66792 /* View */ = {
			isa = PBXGroup;
			children = (
			);
			path = View;
			sourceTree = "<group>";
		};
		4D88E8EC2E29225B00C66792 /* View Reports */ = {
			isa = PBXGroup;
			children = (
				4D88E8EA2E29225B00C66792 /* Controller */,
				4D88E8EB2E29225B00C66792 /* View */,
			);
			path = "View Reports";
			sourceTree = "<group>";
		};
		4D88E8F52E29280E00C66792 /* Model */ = {
			isa = PBXGroup;
			children = (
				4D88E8F62E29281200C66792 /* ProductModel.swift */,
			);
			path = Model;
			sourceTree = "<group>";
		};
		77B569B894A3E57BF2AB22EE /* Pods */ = {
			isa = PBXGroup;
			children = (
				E2BD77D9EB69707E4E1955E4 /* Pods-BillingApp.debug.xcconfig */,
				65D6D732FA379364E1D30DB7 /* Pods-BillingApp.release.xcconfig */,
			);
			path = Pods;
			sourceTree = "<group>";
		};
		AA2DD45BCF02B28D9C92602D /* Frameworks */ = {
			isa = PBXGroup;
			children = (
				75996030D9C54D1CB9DCF2B0 /* Pods_BillingApp.framework */,
			);
			name = Frameworks;
			sourceTree = "<group>";
		};
/* End PBXGroup section */

/* Begin PBXNativeTarget section */
		4D6D503D2E27776500A99F88 /* BillingApp */ = {
			isa = PBXNativeTarget;
			buildConfigurationList = 4D6D50512E27776800A99F88 /* Build configuration list for PBXNativeTarget "BillingApp" */;
			buildPhases = (
				FF58B4389DCE9CABB7CD84E1 /* [CP] Check Pods Manifest.lock */,
				4D6D503A2E27776500A99F88 /* Sources */,
				4D6D503B2E27776500A99F88 /* Frameworks */,
				4D6D503C2E27776500A99F88 /* Resources */,
				A59B929076EF8DE5162C1432 /* [CP] Embed Pods Frameworks */,
			);
			buildRules = (
			);
			dependencies = (
			);
			name = BillingApp;
			productName = BillingApp;
			productReference = 4D6D503E2E27776500A99F88 /* BillingApp.app */;
			productType = "com.apple.product-type.application";
		};
/* End PBXNativeTarget section */

/* Begin PBXProject section */
		4D6D50362E27776500A99F88 /* Project object */ = {
			isa = PBXProject;
			attributes = {
				BuildIndependentTargetsInParallel = 1;
				LastSwiftUpdateCheck = 1640;
				LastUpgradeCheck = 1640;
				TargetAttributes = {
					4D6D503D2E27776500A99F88 = {
						CreatedOnToolsVersion = 16.4;
					};
				};
			};
			buildConfigurationList = 4D6D50392E27776500A99F88 /* Build configuration list for PBXProject "BillingApp" */;
			developmentRegion = en;
			hasScannedForEncodings = 0;
			knownRegions = (
				en,
				Base,
			);
			mainGroup = 4D6D50352E27776500A99F88;
			minimizedProjectReferenceProxies = 1;
			preferredProjectObjectVersion = 77;
			productRefGroup = 4D6D503F2E27776500A99F88 /* Products */;
			projectDirPath = "";
			projectRoot = "";
			targets = (
				4D6D503D2E27776500A99F88 /* BillingApp */,
			);
		};
/* End PBXProject section */

/* Begin PBXResourcesBuildPhase section */
		4D6D503C2E27776500A99F88 /* Resources */ = {
			isa = PBXResourcesBuildPhase;
			buildActionMask = 2147483647;
			files = (
				4D6D50782E2778D500A99F88 /* Assets.xcassets in Resources */,
				4D2F52C22E27A4DD005E79FE /* BillgenerateTVC.xib in Resources */,
				4D88E8E62E29197C00C66792 /* InvoiceListTVC.xib in Resources */,
				4D6D50792E2778D500A99F88 /* GoogleService-Info.plist in Resources */,
				4D6D507B2E2778D500A99F88 /* LaunchScreen.storyboard in Resources */,
				4D88E8F42E2925D600C66792 /* ManageStockTVC.xib in Resources */,
				4D6D507C2E2778D500A99F88 /* Main.storyboard in Resources */,
				4D6B7F982E2A253E0026C1FE /* ManageDetailsTVC.xib in Resources */,
				4D6D509F2E27822D00A99F88 /* ProfileTVC.xib in Resources */,
			);
			runOnlyForDeploymentPostprocessing = 0;
		};
/* End PBXResourcesBuildPhase section */

/* Begin PBXShellScriptBuildPhase section */
		A59B929076EF8DE5162C1432 /* [CP] Embed Pods Frameworks */ = {
			isa = PBXShellScriptBuildPhase;
			buildActionMask = 2147483647;
			files = (
			);
			inputFileListPaths = (
				"${PODS_ROOT}/Target Support Files/Pods-BillingApp/Pods-BillingApp-frameworks-${CONFIGURATION}-input-files.xcfilelist",
			);
			inputPaths = (
			);
			name = "[CP] Embed Pods Frameworks";
			outputFileListPaths = (
				"${PODS_ROOT}/Target Support Files/Pods-BillingApp/Pods-BillingApp-frameworks-${CONFIGURATION}-output-files.xcfilelist",
			);
			outputPaths = (
			);
			runOnlyForDeploymentPostprocessing = 0;
			shellPath = /bin/sh;
			shellScript = "\"${PODS_ROOT}/Target Support Files/Pods-BillingApp/Pods-BillingApp-frameworks.sh\"\n";
			showEnvVarsInLog = 0;
		};
		FF58B4389DCE9CABB7CD84E1 /* [CP] Check Pods Manifest.lock */ = {
			isa = PBXShellScriptBuildPhase;
			buildActionMask = 2147483647;
			files = (
			);
			inputFileListPaths = (
			);
			inputPaths = (
				"${PODS_PODFILE_DIR_PATH}/Podfile.lock",
				"${PODS_ROOT}/Manifest.lock",
			);
			name = "[CP] Check Pods Manifest.lock";
			outputFileListPaths = (
			);
			outputPaths = (
				"$(DERIVED_FILE_DIR)/Pods-BillingApp-checkManifestLockResult.txt",
			);
			runOnlyForDeploymentPostprocessing = 0;
			shellPath = /bin/sh;
			shellScript = "diff \"${PODS_PODFILE_DIR_PATH}/Podfile.lock\" \"${PODS_ROOT}/Manifest.lock\" > /dev/null\nif [ $? != 0 ] ; then\n    # print error to STDERR\n    echo \"error: The sandbox is not in sync with the Podfile.lock. Run 'pod install' or update your CocoaPods installation.\" >&2\n    exit 1\nfi\n# This output is used by Xcode 'outputs' to avoid re-running this script phase.\necho \"SUCCESS\" > \"${SCRIPT_OUTPUT_FILE_0}\"\n";
			showEnvVarsInLog = 0;
		};
/* End PBXShellScriptBuildPhase section */

/* Begin PBXSourcesBuildPhase section */
		4D6D503A2E27776500A99F88 /* Sources */ = {
			isa = PBXSourcesBuildPhase;
			buildActionMask = 2147483647;
			files = (
				4D6D509A2E27822D00A99F88 /* ProfileVC.swift in Sources */,
				4D88E8E22E2918E100C66792 /* InvoiceModel.swift in Sources */,
				4D6D509B2E27822D00A99F88 /* ChangePasswordVC.swift in Sources */,
				4D6D509C2E27822D00A99F88 /* AccountVC.swift in Sources */,
				4D6D509D2E27822D00A99F88 /* ProfileTVC.swift in Sources */,
				4D6B7F992E2A253E0026C1FE /* ManageDetailsTVC.swift in Sources */,
				4D6B7F932E2A0FFB0026C1FE /* ProductService.swift in Sources */,
				4D6D509E2E27822D00A99F88 /* ContactUsVC.swift in Sources */,
				4D2F52C62E27A59B005E79FE /* Product.swift in Sources */,
				4D2F52C82E27B6E7005E79FE /* CustomerInfoVC.swift in Sources */,
				4D6D50752E2778D500A99F88 /* AppDelegate.swift in Sources */,
				4D88E8F72E29281200C66792 /* ProductModel.swift in Sources */,
				4D3F20F82E27C0A100561D89 /* PDFGenerator.swift in Sources */,
				4D88E8F32E2925D600C66792 /* ManageStockTVC.swift in Sources */,
				4D6D50A32E2783E100A99F88 /* AddProductVC.swift in Sources */,
				4D6D50762E2778D500A99F88 /* SceneDelegate.swift in Sources */,
				4D88E8EE2E2925AD00C66792 /* ManageStockVC.swift in Sources */,
				4D6D50772E2778D500A99F88 /* ViewController.swift in Sources */,
				4D9C0E992E27D3680000A437 /* BarcodeScannerVC.swift in Sources */,
				4D6D50A52E27840200A99F88 /* BillGenerateVC.swift in Sources */,
				4D6D508F2E2779BD00A99F88 /* GeneralUtility.swift in Sources */,
				4D2F52C32E27A4DD005E79FE /* BillgenerateTVC.swift in Sources */,
				4D6D50902E2779BD00A99F88 /* KeyboardHandler.swift in Sources */,
				4D6D508A2E27799F00A99F88 /* RegistrationVC.swift in Sources */,
				4D4590E12E29318800C95296 /* BarcodeGenerator.swift in Sources */,
				4D88E8E52E29197C00C66792 /* InvoiceListTVC.swift in Sources */,
				4D88E8DF2E29179500C66792 /* InvoiceListVC.swift in Sources */,
				4D6D508B2E27799F00A99F88 /* ForgotPasswordVC.swift in Sources */,
				4D6B7F952E2A237C0026C1FE /* ManageDetailsVC.swift in Sources */,
				4D6D508C2E27799F00A99F88 /* LoginVC.swift in Sources */,
			);
			runOnlyForDeploymentPostprocessing = 0;
		};
/* End PBXSourcesBuildPhase section */

/* Begin PBXVariantGroup section */
		4D6D506F2E2778D500A99F88 /* LaunchScreen.storyboard */ = {
			isa = PBXVariantGroup;
			children = (
				4D6D506E2E2778D500A99F88 /* Base */,
			);
			name = LaunchScreen.storyboard;
			sourceTree = "<group>";
		};
		4D6D50712E2778D500A99F88 /* Main.storyboard */ = {
			isa = PBXVariantGroup;
			children = (
				4D6D50702E2778D500A99F88 /* Base */,
			);
			name = Main.storyboard;
			sourceTree = "<group>";
		};
/* End PBXVariantGroup section */

/* Begin XCBuildConfiguration section */
		4D6D50522E27776800A99F88 /* Debug */ = {
			isa = XCBuildConfiguration;
			baseConfigurationReference = E2BD77D9EB69707E4E1955E4 /* Pods-BillingApp.debug.xcconfig */;
			buildSettings = {
				ASSETCATALOG_COMPILER_APPICON_NAME = AppIcon;
				ASSETCATALOG_COMPILER_GLOBAL_ACCENT_COLOR_NAME = AccentColor;
				CODE_SIGN_STYLE = Automatic;
				CURRENT_PROJECT_VERSION = 1;
				DEVELOPMENT_TEAM = BHNZXW67R6;
				ENABLE_USER_SCRIPT_SANDBOXING = NO;
				GENERATE_INFOPLIST_FILE = YES;
				INFOPLIST_FILE = BillingApp/Info.plist;
				INFOPLIST_KEY_UIApplicationSupportsIndirectInputEvents = YES;
				INFOPLIST_KEY_UILaunchStoryboardName = LaunchScreen;
				INFOPLIST_KEY_UIMainStoryboardFile = Main;
				INFOPLIST_KEY_UISupportedInterfaceOrientations_iPad = "UIInterfaceOrientationPortrait UIInterfaceOrientationPortraitUpsideDown UIInterfaceOrientationLandscapeLeft UIInterfaceOrientationLandscapeRight";
				INFOPLIST_KEY_UISupportedInterfaceOrientations_iPhone = "UIInterfaceOrientationPortrait UIInterfaceOrientationLandscapeLeft UIInterfaceOrientationLandscapeRight";
				IPHONEOS_DEPLOYMENT_TARGET = 15.0;
				LD_RUNPATH_SEARCH_PATHS = (
					"$(inherited)",
					"@executable_path/Frameworks",
				);
				MARKETING_VERSION = 1.0;
				PRODUCT_BUNDLE_IDENTIFIER = tirth.com.BillingApp;
				PRODUCT_NAME = "$(TARGET_NAME)";
				SWIFT_EMIT_LOC_STRINGS = YES;
				SWIFT_VERSION = 5.0;
				TARGETED_DEVICE_FAMILY = "1,2";
			};
			name = Debug;
		};
		4D6D50532E27776800A99F88 /* Release */ = {
			isa = XCBuildConfiguration;
			baseConfigurationReference = 65D6D732FA379364E1D30DB7 /* Pods-BillingApp.release.xcconfig */;
			buildSettings = {
				ASSETCATALOG_COMPILER_APPICON_NAME = AppIcon;
				ASSETCATALOG_COMPILER_GLOBAL_ACCENT_COLOR_NAME = AccentColor;
				CODE_SIGN_STYLE = Automatic;
				CURRENT_PROJECT_VERSION = 1;
				DEVELOPMENT_TEAM = BHNZXW67R6;
				ENABLE_USER_SCRIPT_SANDBOXING = NO;
				GENERATE_INFOPLIST_FILE = YES;
				INFOPLIST_FILE = BillingApp/Info.plist;
				INFOPLIST_KEY_UIApplicationSupportsIndirectInputEvents = YES;
				INFOPLIST_KEY_UILaunchStoryboardName = LaunchScreen;
				INFOPLIST_KEY_UIMainStoryboardFile = Main;
				INFOPLIST_KEY_UISupportedInterfaceOrientations_iPad = "UIInterfaceOrientationPortrait UIInterfaceOrientationPortraitUpsideDown UIInterfaceOrientationLandscapeLeft UIInterfaceOrientationLandscapeRight";
				INFOPLIST_KEY_UISupportedInterfaceOrientations_iPhone = "UIInterfaceOrientationPortrait UIInterfaceOrientationLandscapeLeft UIInterfaceOrientationLandscapeRight";
				IPHONEOS_DEPLOYMENT_TARGET = 15.0;
				LD_RUNPATH_SEARCH_PATHS = (
					"$(inherited)",
					"@executable_path/Frameworks",
				);
				MARKETING_VERSION = 1.0;
				PRODUCT_BUNDLE_IDENTIFIER = tirth.com.BillingApp;
				PRODUCT_NAME = "$(TARGET_NAME)";
				SWIFT_EMIT_LOC_STRINGS = YES;
				SWIFT_VERSION = 5.0;
				TARGETED_DEVICE_FAMILY = "1,2";
			};
			name = Release;
		};
		4D6D50542E27776800A99F88 /* Debug */ = {
			isa = XCBuildConfiguration;
			buildSettings = {
				ALWAYS_SEARCH_USER_PATHS = NO;
				ASSETCATALOG_COMPILER_GENERATE_SWIFT_ASSET_SYMBOL_EXTENSIONS = YES;
				CLANG_ANALYZER_NONNULL = YES;
				CLANG_ANALYZER_NUMBER_OBJECT_CONVERSION = YES_AGGRESSIVE;
				CLANG_CXX_LANGUAGE_STANDARD = "gnu++20";
				CLANG_ENABLE_MODULES = YES;
				CLANG_ENABLE_OBJC_ARC = YES;
				CLANG_ENABLE_OBJC_WEAK = YES;
				CLANG_WARN_BLOCK_CAPTURE_AUTORELEASING = YES;
				CLANG_WARN_BOOL_CONVERSION = YES;
				CLANG_WARN_COMMA = YES;
				CLANG_WARN_CONSTANT_CONVERSION = YES;
				CLANG_WARN_DEPRECATED_OBJC_IMPLEMENTATIONS = YES;
				CLANG_WARN_DIRECT_OBJC_ISA_USAGE = YES_ERROR;
				CLANG_WARN_DOCUMENTATION_COMMENTS = YES;
				CLANG_WARN_EMPTY_BODY = YES;
				CLANG_WARN_ENUM_CONVERSION = YES;
				CLANG_WARN_INFINITE_RECURSION = YES;
				CLANG_WARN_INT_CONVERSION = YES;
				CLANG_WARN_NON_LITERAL_NULL_CONVERSION = YES;
				CLANG_WARN_OBJC_IMPLICIT_RETAIN_SELF = YES;
				CLANG_WARN_OBJC_LITERAL_CONVERSION = YES;
				CLANG_WARN_OBJC_ROOT_CLASS = YES_ERROR;
				CLANG_WARN_QUOTED_INCLUDE_IN_FRAMEWORK_HEADER = YES;
				CLANG_WARN_RANGE_LOOP_ANALYSIS = YES;
				CLANG_WARN_STRICT_PROTOTYPES = YES;
				CLANG_WARN_SUSPICIOUS_MOVE = YES;
				CLANG_WARN_UNGUARDED_AVAILABILITY = YES_AGGRESSIVE;
				CLANG_WARN_UNREACHABLE_CODE = YES;
				CLANG_WARN__DUPLICATE_METHOD_MATCH = YES;
				COPY_PHASE_STRIP = NO;
				DEBUG_INFORMATION_FORMAT = dwarf;
				DEVELOPMENT_TEAM = BHNZXW67R6;
				ENABLE_STRICT_OBJC_MSGSEND = YES;
				ENABLE_TESTABILITY = YES;
				ENABLE_USER_SCRIPT_SANDBOXING = YES;
				GCC_C_LANGUAGE_STANDARD = gnu17;
				GCC_DYNAMIC_NO_PIC = NO;
				GCC_NO_COMMON_BLOCKS = YES;
				GCC_OPTIMIZATION_LEVEL = 0;
				GCC_PREPROCESSOR_DEFINITIONS = (
					"DEBUG=1",
					"$(inherited)",
				);
				GCC_WARN_64_TO_32_BIT_CONVERSION = YES;
				GCC_WARN_ABOUT_RETURN_TYPE = YES_ERROR;
				GCC_WARN_UNDECLARED_SELECTOR = YES;
				GCC_WARN_UNINITIALIZED_AUTOS = YES_AGGRESSIVE;
				GCC_WARN_UNUSED_FUNCTION = YES;
				GCC_WARN_UNUSED_VARIABLE = YES;
				IPHONEOS_DEPLOYMENT_TARGET = 18.5;
				LOCALIZATION_PREFERS_STRING_CATALOGS = YES;
				MTL_ENABLE_DEBUG_INFO = INCLUDE_SOURCE;
				MTL_FAST_MATH = YES;
				ONLY_ACTIVE_ARCH = YES;
				SDKROOT = iphoneos;
				SWIFT_ACTIVE_COMPILATION_CONDITIONS = "DEBUG $(inherited)";
				SWIFT_OPTIMIZATION_LEVEL = "-Onone";
			};
			name = Debug;
		};
		4D6D50552E27776800A99F88 /* Release */ = {
			isa = XCBuildConfiguration;
			buildSettings = {
				ALWAYS_SEARCH_USER_PATHS = NO;
				ASSETCATALOG_COMPILER_GENERATE_SWIFT_ASSET_SYMBOL_EXTENSIONS = YES;
				CLANG_ANALYZER_NONNULL = YES;
				CLANG_ANALYZER_NUMBER_OBJECT_CONVERSION = YES_AGGRESSIVE;
				CLANG_CXX_LANGUAGE_STANDARD = "gnu++20";
				CLANG_ENABLE_MODULES = YES;
				CLANG_ENABLE_OBJC_ARC = YES;
				CLANG_ENABLE_OBJC_WEAK = YES;
				CLANG_WARN_BLOCK_CAPTURE_AUTORELEASING = YES;
				CLANG_WARN_BOOL_CONVERSION = YES;
				CLANG_WARN_COMMA = YES;
				CLANG_WARN_CONSTANT_CONVERSION = YES;
				CLANG_WARN_DEPRECATED_OBJC_IMPLEMENTATIONS = YES;
				CLANG_WARN_DIRECT_OBJC_ISA_USAGE = YES_ERROR;
				CLANG_WARN_DOCUMENTATION_COMMENTS = YES;
				CLANG_WARN_EMPTY_BODY = YES;
				CLANG_WARN_ENUM_CONVERSION = YES;
				CLANG_WARN_INFINITE_RECURSION = YES;
				CLANG_WARN_INT_CONVERSION = YES;
				CLANG_WARN_NON_LITERAL_NULL_CONVERSION = YES;
				CLANG_WARN_OBJC_IMPLICIT_RETAIN_SELF = YES;
				CLANG_WARN_OBJC_LITERAL_CONVERSION = YES;
				CLANG_WARN_OBJC_ROOT_CLASS = YES_ERROR;
				CLANG_WARN_QUOTED_INCLUDE_IN_FRAMEWORK_HEADER = YES;
				CLANG_WARN_RANGE_LOOP_ANALYSIS = YES;
				CLANG_WARN_STRICT_PROTOTYPES = YES;
				CLANG_WARN_SUSPICIOUS_MOVE = YES;
				CLANG_WARN_UNGUARDED_AVAILABILITY = YES_AGGRESSIVE;
				CLANG_WARN_UNREACHABLE_CODE = YES;
				CLANG_WARN__DUPLICATE_METHOD_MATCH = YES;
				COPY_PHASE_STRIP = NO;
				DEBUG_INFORMATION_FORMAT = "dwarf-with-dsym";
				DEVELOPMENT_TEAM = BHNZXW67R6;
				ENABLE_NS_ASSERTIONS = NO;
				ENABLE_STRICT_OBJC_MSGSEND = YES;
				ENABLE_USER_SCRIPT_SANDBOXING = YES;
				GCC_C_LANGUAGE_STANDARD = gnu17;
				GCC_NO_COMMON_BLOCKS = YES;
				GCC_WARN_64_TO_32_BIT_CONVERSION = YES;
				GCC_WARN_ABOUT_RETURN_TYPE = YES_ERROR;
				GCC_WARN_UNDECLARED_SELECTOR = YES;
				GCC_WARN_UNINITIALIZED_AUTOS = YES_AGGRESSIVE;
				GCC_WARN_UNUSED_FUNCTION = YES;
				GCC_WARN_UNUSED_VARIABLE = YES;
				IPHONEOS_DEPLOYMENT_TARGET = 18.5;
				LOCALIZATION_PREFERS_STRING_CATALOGS = YES;
				MTL_ENABLE_DEBUG_INFO = NO;
				MTL_FAST_MATH = YES;
				SDKROOT = iphoneos;
				SWIFT_COMPILATION_MODE = wholemodule;
				VALIDATE_PRODUCT = YES;
			};
			name = Release;
		};
/* End XCBuildConfiguration section */

/* Begin XCConfigurationList section */
		4D6D50392E27776500A99F88 /* Build configuration list for PBXProject "BillingApp" */ = {
			isa = XCConfigurationList;
			buildConfigurations = (
				4D6D50542E27776800A99F88 /* Debug */,
				4D6D50552E27776800A99F88 /* Release */,
			);
			defaultConfigurationIsVisible = 0;
			defaultConfigurationName = Release;
		};
		4D6D50512E27776800A99F88 /* Build configuration list for PBXNativeTarget "BillingApp" */ = {
			isa = XCConfigurationList;
			buildConfigurations = (
				4D6D50522E27776800A99F88 /* Debug */,
				4D6D50532E27776800A99F88 /* Release */,
			);
			defaultConfigurationIsVisible = 0;
			defaultConfigurationName = Release;
		};
/* End XCConfigurationList section */
	};
	rootObject = 4D6D50362E27776500A99F88 /* Project object */;
}
